
Microsoft Visual Studio Solution File, Format Version 12.00
# Visual Studio 15
VisualStudioVersion = 15.0.28307.645
MinimumVisualStudioVersion = 10.0.40219.1
Project("{FAE04EC0-301F-11D3-BF4B-00C04F79EFBC}") = "EasyRpc.Core", "src\EasyRpc.Core\EasyRpc.Core.csproj", "{FF302382-CED9-493D-8F8A-107A2974531E}"
EndProject
Project("{FAE04EC0-301F-11D3-BF4B-00C04F79EFBC}") = "EasyRpc.Client", "src\EasyRpc.Client\EasyRpc.Client.csproj", "{22CF457A-36FB-474E-968D-E2CC8ADCA349}"
EndProject
Project("{FAE04EC0-301F-11D3-BF4B-00C04F79EFBC}") = "EasyRpc.Server", "src\EasyRpc.Server\EasyRpc.Server.csproj", "{6CEB0609-A399-464E-933E-07A13DB72001}"
EndProject
Global
	GlobalSection(SolutionConfigurationPlatforms) = preSolution
		Debug|Any CPU = Debug|Any CPU
		Release|Any CPU = Release|Any CPU
	EndGlobalSection
	GlobalSection(ProjectConfigurationPlatforms) = postSolution
		{FF302382-CED9-493D-8F8A-107A2974531E}.Debug|Any CPU.ActiveCfg = Debug|Any CPU
		{FF302382-CED9-493D-8F8A-107A2974531E}.Debug|Any CPU.Build.0 = Debug|Any CPU
		{FF302382-CED9-493D-8F8A-107A2974531E}.Release|Any CPU.ActiveCfg = Release|Any CPU
		{FF302382-CED9-493D-8F8A-107A2974531E}.Release|Any CPU.Build.0 = Release|Any CPU
		{22CF457A-36FB-474E-968D-E2CC8ADCA349}.Debug|Any CPU.ActiveCfg = Debug|Any CPU
		{22CF457A-36FB-474E-968D-E2CC8ADCA349}.Debug|Any CPU.Build.0 = Debug|Any CPU
		{22CF457A-36FB-474E-968D-E2CC8ADCA349}.Release|Any CPU.ActiveCfg = Release|Any CPU
		{22CF457A-36FB-474E-968D-E2CC8ADCA349}.Release|Any CPU.Build.0 = Release|Any CPU
		{6CEB0609-A399-464E-933E-07A13DB72001}.Debug|Any CPU.ActiveCfg = Debug|Any CPU
		{6CEB0609-A399-464E-933E-07A13DB72001}.Debug|Any CPU.Build.0 = Debug|Any CPU
		{6CEB0609-A399-464E-933E-07A13DB72001}.Release|Any CPU.ActiveCfg = Release|Any CPU
		{6CEB0609-A399-464E-933E-07A13DB72001}.Release|Any CPU.Build.0 = Release|Any CPU
	EndGlobalSection
	GlobalSection(SolutionProperties) = preSolution
		HideSolutionNode = FALSE
	EndGlobalSection
	GlobalSection(ExtensibilityGlobals) = postSolution
		SolutionGuid = {D6D57929-B9FC-42C7-8CBF-0EE8A10BB808}
	EndGlobalSection
EndGlobal
