
Microsoft Visual Studio Solution File, Format Version 12.00
# Visual Studio Version 16
VisualStudioVersion = 16.0.29009.5
MinimumVisualStudioVersion = 10.0.40219.1
Project("{2150E333-8FDC-42A3-9474-1A3956D46DE8}") = "src", "src", "{C1934DF5-BC25-4818-991E-A06C26472553}"
EndProject
Project("{2150E333-8FDC-42A3-9474-1A3956D46DE8}") = "test", "test", "{6D412645-3341-4D76-B949-30F9468733AD}"
EndProject
Project("{FAE04EC0-301F-11D3-BF4B-00C04F79EFBC}") = "EasyRpc", "src\EasyRpc\EasyRpc.csproj", "{C94008BA-DE7B-4DD5-84BD-686F284CAA3C}"
EndProject
Global
	GlobalSection(SolutionConfigurationPlatforms) = preSolution
		Debug|Any CPU = Debug|Any CPU
		Release|Any CPU = Release|Any CPU
	EndGlobalSection
	GlobalSection(ProjectConfigurationPlatforms) = postSolution
		{22CF457A-36FB-474E-968D-E2CC8ADCA349}.Debug|Any CPU.ActiveCfg = Debug|Any CPU
		{22CF457A-36FB-474E-968D-E2CC8ADCA349}.Debug|Any CPU.Build.0 = Debug|Any CPU
		{22CF457A-36FB-474E-968D-E2CC8ADCA349}.Release|Any CPU.ActiveCfg = Release|Any CPU
		{22CF457A-36FB-474E-968D-E2CC8ADCA349}.Release|Any CPU.Build.0 = Release|Any CPU
		{6CEB0609-A399-464E-933E-07A13DB72001}.Debug|Any CPU.ActiveCfg = Debug|Any CPU
		{6CEB0609-A399-464E-933E-07A13DB72001}.Debug|Any CPU.Build.0 = Debug|Any CPU
		{6CEB0609-A399-464E-933E-07A13DB72001}.Release|Any CPU.ActiveCfg = Release|Any CPU
		{6CEB0609-A399-464E-933E-07A13DB72001}.Release|Any CPU.Build.0 = Release|Any CPU
		{FF3DF3E2-4B53-4458-A79C-607A45B3FFF0}.Debug|Any CPU.ActiveCfg = Debug|Any CPU
		{FF3DF3E2-4B53-4458-A79C-607A45B3FFF0}.Debug|Any CPU.Build.0 = Debug|Any CPU
		{FF3DF3E2-4B53-4458-A79C-607A45B3FFF0}.Release|Any CPU.ActiveCfg = Release|Any CPU
		{FF3DF3E2-4B53-4458-A79C-607A45B3FFF0}.Release|Any CPU.Build.0 = Release|Any CPU
		{3F36430A-7A85-4005-9569-9289207920B3}.Debug|Any CPU.ActiveCfg = Debug|Any CPU
		{3F36430A-7A85-4005-9569-9289207920B3}.Debug|Any CPU.Build.0 = Debug|Any CPU
		{3F36430A-7A85-4005-9569-9289207920B3}.Release|Any CPU.ActiveCfg = Release|Any CPU
		{3F36430A-7A85-4005-9569-9289207920B3}.Release|Any CPU.Build.0 = Release|Any CPU
		{C94008BA-DE7B-4DD5-84BD-686F284CAA3C}.Debug|Any CPU.ActiveCfg = Debug|Any CPU
		{C94008BA-DE7B-4DD5-84BD-686F284CAA3C}.Debug|Any CPU.Build.0 = Debug|Any CPU
		{C94008BA-DE7B-4DD5-84BD-686F284CAA3C}.Release|Any CPU.ActiveCfg = Release|Any CPU
		{C94008BA-DE7B-4DD5-84BD-686F284CAA3C}.Release|Any CPU.Build.0 = Release|Any CPU
	EndGlobalSection
	GlobalSection(SolutionProperties) = preSolution
		HideSolutionNode = FALSE
	EndGlobalSection
	GlobalSection(NestedProjects) = preSolution
		{C94008BA-DE7B-4DD5-84BD-686F284CAA3C} = {C1934DF5-BC25-4818-991E-A06C26472553}
	EndGlobalSection
EndGlobal
